
Microsoft Visual Studio Solution File, Format Version 12.00
# Visual Studio 15
VisualStudioVersion = 15.0.27130.2010
MinimumVisualStudioVersion = 10.0.40219.1
Project("{FAE04EC0-301F-11D3-BF4B-00C04F79EFBC}") = "ProxyTetriSwitch", "ProxyTetriSwitch\ProxyTetriSwitch.csproj", "{6BF34DEC-0DF0-46F4-A210-CA668D46A20A}"
EndProject
Global
	GlobalSection(SolutionConfigurationPlatforms) = preSolution
		Debug|Any CPU = Debug|Any CPU
		Release|Any CPU = Release|Any CPU
	EndGlobalSection
	GlobalSection(ProjectConfigurationPlatforms) = postSolution
		{6BF34DEC-0DF0-46F4-A210-CA668D46A20A}.Debug|Any CPU.ActiveCfg = Debug|Any CPU
		{6BF34DEC-0DF0-46F4-A210-CA668D46A20A}.Debug|Any CPU.Build.0 = Debug|Any CPU
		{6BF34DEC-0DF0-46F4-A210-CA668D46A20A}.Release|Any CPU.ActiveCfg = Release|Any CPU
		{6BF34DEC-0DF0-46F4-A210-CA668D46A20A}.Release|Any CPU.Build.0 = Release|Any CPU
	EndGlobalSection
	GlobalSection(SolutionProperties) = preSolution
		HideSolutionNode = FALSE
	EndGlobalSection
	GlobalSection(ExtensibilityGlobals) = postSolution
		SolutionGuid = {5DB27F48-3C37-4092-9B6B-483638EB1A29}
	EndGlobalSection
EndGlobal
